
Microsoft Visual Studio Solution File, Format Version 12.00
# Visual Studio Version 17
VisualStudioVersion = 17.14.36414.22
MinimumVisualStudioVersion = 10.0.40219.1
Project("{2150E333-8FDC-42A3-9474-1A3956D46DE8}") = "Task0", "Task0", "{02EA681E-C7D8-13C7-8484-4AC65E1B71E8}"
EndProject
Project("{FAE04EC0-301F-11D3-BF4B-00C04F79EFBC}") = "Tyuiu.BukhryakovAY.Sprint2.Task0.V27.Lib", "Tyuiu.BukhryakovAY.Sprint2.Task0.V27.Lib\Tyuiu.BukhryakovAY.Sprint2.Task0.V27.Lib.csproj", "{89E371E4-A5CD-4E42-8D2E-CFF2FEBAF869}"
EndProject
Project("{FAE04EC0-301F-11D3-BF4B-00C04F79EFBC}") = "Tyuiu.BukhryakovAY.Sprint2.Task0.V27.Test", "Tyuiu.BukhryakovAY.Sprint2.Task0.V27.Test\Tyuiu.BukhryakovAY.Sprint2.Task0.V27.Test.csproj", "{1FE00956-0DCC-45C0-94A3-E1978F48D020}"
EndProject
Project("{FAE04EC0-301F-11D3-BF4B-00C04F79EFBC}") = "Tyuiu.BukhryakovAY.Sprint2.Task0.V27", "Tyuiu.BukhryakovAY.Sprint2.Task0.V27\Tyuiu.BukhryakovAY.Sprint2.Task0.V27.csproj", "{E766E206-D84D-47C9-941D-5274387AE822}"
EndProject
Project("{2150E333-8FDC-42A3-9474-1A3956D46DE8}") = "Task1", "Task1", "{BE92C279-1C3C-4F14-BE61-00564968DF9D}"
EndProject
Project("{FAE04EC0-301F-11D3-BF4B-00C04F79EFBC}") = "Tyuiu.BukhryakovAY.Sprint2.Task1.V6", "Tyuiu.BukhryakovAY.Sprint2.Task1.V6\Tyuiu.BukhryakovAY.Sprint2.Task1.V6.csproj", "{5797C16A-3C7E-40A3-B45E-DCCC5757BD70}"
EndProject
Project("{FAE04EC0-301F-11D3-BF4B-00C04F79EFBC}") = "Tyuiu.BukhryakovAY.Sprint2.Task1.V6.Lib", "Tyuiu.BukhryakovAY.Sprint2.Task1.V6.Lib\Tyuiu.BukhryakovAY.Sprint2.Task1.V6.Lib.csproj", "{DB84FD00-5ED1-47A5-AA0C-E50942F14AA9}"
EndProject
Project("{FAE04EC0-301F-11D3-BF4B-00C04F79EFBC}") = "Tyuiu.BukhryakovAY.Sprint2.Task1.V6.Test", "Tyuiu.BukhryakovAY.Sprint2.Task1.V6.Test\Tyuiu.BukhryakovAY.Sprint2.Task1.V6.Test.csproj", "{71D826F9-5D98-4324-866C-4FBAA36A550F}"
EndProject
Project("{2150E333-8FDC-42A3-9474-1A3956D46DE8}") = "Task2", "Task2", "{4425C519-0670-4C0C-9049-EF53CCAFA1AA}"
EndProject
Project("{FAE04EC0-301F-11D3-BF4B-00C04F79EFBC}") = "Tyuiu.BukhryakovAY.Sprint2.Task2.V3", "Tyuiu.BukhryakovAY.Sprint2.Task2.V3\Tyuiu.BukhryakovAY.Sprint2.Task2.V3.csproj", "{D4DAAB1D-ECF2-4A60-BD8D-55F75829630E}"
EndProject
Project("{FAE04EC0-301F-11D3-BF4B-00C04F79EFBC}") = "Tyuiu.BukhryakovAY.Sprint2.Task2.V3.Test", "Tyuiu.BukhryakovAY.Sprint2.Task2.V3.Test\Tyuiu.BukhryakovAY.Sprint2.Task2.V3.Test.csproj", "{A3EC7997-D948-4035-92B4-74D604FB2D12}"
EndProject
Project("{FAE04EC0-301F-11D3-BF4B-00C04F79EFBC}") = "Tyuiu.BukhryakovAY.Sprint2.Task2.V3.Lib", "Tyuiu.BukhryakovAY.Sprint2.Task2.V3.Lib\Tyuiu.BukhryakovAY.Sprint2.Task2.V3.Lib.csproj", "{65B65729-5ACB-4E1F-B442-02B26EE7C8D7}"
EndProject
Project("{2150E333-8FDC-42A3-9474-1A3956D46DE8}") = "Task3", "Task3", "{46990A6F-6EA3-4435-B008-11642E09BEC5}"
EndProject
Project("{FAE04EC0-301F-11D3-BF4B-00C04F79EFBC}") = "Tyuiu.BukhryakovAY.Sprint2.Task3.V26", "Tyuiu.BukhryakovAY.Sprint2.Task3.V26\Tyuiu.BukhryakovAY.Sprint2.Task3.V26.csproj", "{5DA1B802-EA04-4E08-B80D-D195C65D4655}"
EndProject
Project("{FAE04EC0-301F-11D3-BF4B-00C04F79EFBC}") = "Tyuiu.BukhryakovAY.Sprint2.Task3.V26.Lib", "Tyuiu.BukhryakovAY.Sprint2.Task3.V26.Lib\Tyuiu.BukhryakovAY.Sprint2.Task3.V26.Lib.csproj", "{20743167-4F70-428B-AEC0-8E094A9AF2C4}"
EndProject
Project("{FAE04EC0-301F-11D3-BF4B-00C04F79EFBC}") = "Tyuiu.BukhryakovAY.Sprint2.Task3.V26.Test", "Tyuiu.BukhryakovAY.Sprint2.Task3.V26.Test\Tyuiu.BukhryakovAY.Sprint2.Task3.V26.Test.csproj", "{200BF53F-53FA-4E6D-B642-FB8A8722C71B}"
EndProject
Project("{2150E333-8FDC-42A3-9474-1A3956D46DE8}") = "Task4", "Task4", "{5CB07F0F-477A-463F-B843-AA2C16AD461F}"
EndProject
Project("{FAE04EC0-301F-11D3-BF4B-00C04F79EFBC}") = "Tyuiu.BukhryakovAY.Sprint2.Task4.V9", "Tyuiu.BukhryakovAY.Sprint2.Task4.V9\Tyuiu.BukhryakovAY.Sprint2.Task4.V9.csproj", "{A16D5996-77FB-47A6-971C-B9FA2D3C5C02}"
EndProject
Project("{FAE04EC0-301F-11D3-BF4B-00C04F79EFBC}") = "Tyuiu.BukhryakovAY.Sprint2.Task4.V9.Test", "Tyuiu.BukhryakovAY.Sprint2.Task4.V9.Test\Tyuiu.BukhryakovAY.Sprint2.Task4.V9.Test.csproj", "{BC35E4CE-681F-431F-BEC4-313707E603D9}"
EndProject
Project("{FAE04EC0-301F-11D3-BF4B-00C04F79EFBC}") = "Tyuiu.BukhryakovAY.Sprint2.Task4.V9.Lib", "Tyuiu.BukhryakovAY.Sprint2.Task4.V9.Lib\Tyuiu.BukhryakovAY.Sprint2.Task4.V9.Lib.csproj", "{F45186A7-553D-4FD1-9CFE-7C6808747623}"
EndProject
Project("{2150E333-8FDC-42A3-9474-1A3956D46DE8}") = "Task5", "Task5", "{6D481B6D-ECE3-478A-9340-67EF3D5F88D1}"
EndProject
Project("{FAE04EC0-301F-11D3-BF4B-00C04F79EFBC}") = "Tyuiu.BukhryakovAY.Sprint2.Task5.V13", "Tyuiu.BukhryakovAY.Sprint2.Task5.V13\Tyuiu.BukhryakovAY.Sprint2.Task5.V13.csproj", "{A4E41682-81B0-493B-A91D-C7812D5D6F6C}"
EndProject
Project("{FAE04EC0-301F-11D3-BF4B-00C04F79EFBC}") = "Tyuiu.BukhryakovAY.Sprint2.Task5.V13.Lib", "Tyuiu.BukhryakovAY.Sprint2.Task5.V13.Lib\Tyuiu.BukhryakovAY.Sprint2.Task5.V13.Lib.csproj", "{5AF67079-7BC6-4A8E-A8BE-AE71BCB63146}"
EndProject
Project("{FAE04EC0-301F-11D3-BF4B-00C04F79EFBC}") = "Tyuiu.BukhryakovAY.Sprint2.Task5.V13.Test", "Tyuiu.BukhryakovAY.Sprint2.Task5.V13.Test\Tyuiu.BukhryakovAY.Sprint2.Task5.V13.Test.csproj", "{4BCAC9FD-1AFF-4D6B-86A8-09FD7229AD21}"
EndProject
Global
	GlobalSection(SolutionConfigurationPlatforms) = preSolution
		Debug|Any CPU = Debug|Any CPU
		Release|Any CPU = Release|Any CPU
	EndGlobalSection
	GlobalSection(ProjectConfigurationPlatforms) = postSolution
		{89E371E4-A5CD-4E42-8D2E-CFF2FEBAF869}.Debug|Any CPU.ActiveCfg = Debug|Any CPU
		{89E371E4-A5CD-4E42-8D2E-CFF2FEBAF869}.Debug|Any CPU.Build.0 = Debug|Any CPU
		{89E371E4-A5CD-4E42-8D2E-CFF2FEBAF869}.Release|Any CPU.ActiveCfg = Release|Any CPU
		{89E371E4-A5CD-4E42-8D2E-CFF2FEBAF869}.Release|Any CPU.Build.0 = Release|Any CPU
		{1FE00956-0DCC-45C0-94A3-E1978F48D020}.Debug|Any CPU.ActiveCfg = Debug|Any CPU
		{1FE00956-0DCC-45C0-94A3-E1978F48D020}.Debug|Any CPU.Build.0 = Debug|Any CPU
		{1FE00956-0DCC-45C0-94A3-E1978F48D020}.Release|Any CPU.ActiveCfg = Release|Any CPU
		{1FE00956-0DCC-45C0-94A3-E1978F48D020}.Release|Any CPU.Build.0 = Release|Any CPU
		{E766E206-D84D-47C9-941D-5274387AE822}.Debug|Any CPU.ActiveCfg = Debug|Any CPU
		{E766E206-D84D-47C9-941D-5274387AE822}.Debug|Any CPU.Build.0 = Debug|Any CPU
		{E766E206-D84D-47C9-941D-5274387AE822}.Release|Any CPU.ActiveCfg = Release|Any CPU
		{E766E206-D84D-47C9-941D-5274387AE822}.Release|Any CPU.Build.0 = Release|Any CPU
		{5797C16A-3C7E-40A3-B45E-DCCC5757BD70}.Debug|Any CPU.ActiveCfg = Debug|Any CPU
		{5797C16A-3C7E-40A3-B45E-DCCC5757BD70}.Debug|Any CPU.Build.0 = Debug|Any CPU
		{5797C16A-3C7E-40A3-B45E-DCCC5757BD70}.Release|Any CPU.ActiveCfg = Release|Any CPU
		{5797C16A-3C7E-40A3-B45E-DCCC5757BD70}.Release|Any CPU.Build.0 = Release|Any CPU
		{DB84FD00-5ED1-47A5-AA0C-E50942F14AA9}.Debug|Any CPU.ActiveCfg = Debug|Any CPU
		{DB84FD00-5ED1-47A5-AA0C-E50942F14AA9}.Debug|Any CPU.Build.0 = Debug|Any CPU
		{DB84FD00-5ED1-47A5-AA0C-E50942F14AA9}.Release|Any CPU.ActiveCfg = Release|Any CPU
		{DB84FD00-5ED1-47A5-AA0C-E50942F14AA9}.Release|Any CPU.Build.0 = Release|Any CPU
		{71D826F9-5D98-4324-866C-4FBAA36A550F}.Debug|Any CPU.ActiveCfg = Debug|Any CPU
		{71D826F9-5D98-4324-866C-4FBAA36A550F}.Debug|Any CPU.Build.0 = Debug|Any CPU
		{71D826F9-5D98-4324-866C-4FBAA36A550F}.Release|Any CPU.ActiveCfg = Release|Any CPU
		{71D826F9-5D98-4324-866C-4FBAA36A550F}.Release|Any CPU.Build.0 = Release|Any CPU
		{D4DAAB1D-ECF2-4A60-BD8D-55F75829630E}.Debug|Any CPU.ActiveCfg = Debug|Any CPU
		{D4DAAB1D-ECF2-4A60-BD8D-55F75829630E}.Debug|Any CPU.Build.0 = Debug|Any CPU
		{D4DAAB1D-ECF2-4A60-BD8D-55F75829630E}.Release|Any CPU.ActiveCfg = Release|Any CPU
		{D4DAAB1D-ECF2-4A60-BD8D-55F75829630E}.Release|Any CPU.Build.0 = Release|Any CPU
		{A3EC7997-D948-4035-92B4-74D604FB2D12}.Debug|Any CPU.ActiveCfg = Debug|Any CPU
		{A3EC7997-D948-4035-92B4-74D604FB2D12}.Debug|Any CPU.Build.0 = Debug|Any CPU
		{A3EC7997-D948-4035-92B4-74D604FB2D12}.Release|Any CPU.ActiveCfg = Release|Any CPU
		{A3EC7997-D948-4035-92B4-74D604FB2D12}.Release|Any CPU.Build.0 = Release|Any CPU
		{65B65729-5ACB-4E1F-B442-02B26EE7C8D7}.Debug|Any CPU.ActiveCfg = Debug|Any CPU
		{65B65729-5ACB-4E1F-B442-02B26EE7C8D7}.Debug|Any CPU.Build.0 = Debug|Any CPU
		{65B65729-5ACB-4E1F-B442-02B26EE7C8D7}.Release|Any CPU.ActiveCfg = Release|Any CPU
		{65B65729-5ACB-4E1F-B442-02B26EE7C8D7}.Release|Any CPU.Build.0 = Release|Any CPU
		{5DA1B802-EA04-4E08-B80D-D195C65D4655}.Debug|Any CPU.ActiveCfg = Debug|Any CPU
		{5DA1B802-EA04-4E08-B80D-D195C65D4655}.Debug|Any CPU.Build.0 = Debug|Any CPU
		{5DA1B802-EA04-4E08-B80D-D195C65D4655}.Release|Any CPU.ActiveCfg = Release|Any CPU
		{5DA1B802-EA04-4E08-B80D-D195C65D4655}.Release|Any CPU.Build.0 = Release|Any CPU
		{20743167-4F70-428B-AEC0-8E094A9AF2C4}.Debug|Any CPU.ActiveCfg = Debug|Any CPU
		{20743167-4F70-428B-AEC0-8E094A9AF2C4}.Debug|Any CPU.Build.0 = Debug|Any CPU
		{20743167-4F70-428B-AEC0-8E094A9AF2C4}.Release|Any CPU.ActiveCfg = Release|Any CPU
		{20743167-4F70-428B-AEC0-8E094A9AF2C4}.Release|Any CPU.Build.0 = Release|Any CPU
		{200BF53F-53FA-4E6D-B642-FB8A8722C71B}.Debug|Any CPU.ActiveCfg = Debug|Any CPU
		{200BF53F-53FA-4E6D-B642-FB8A8722C71B}.Debug|Any CPU.Build.0 = Debug|Any CPU
		{200BF53F-53FA-4E6D-B642-FB8A8722C71B}.Release|Any CPU.ActiveCfg = Release|Any CPU
		{200BF53F-53FA-4E6D-B642-FB8A8722C71B}.Release|Any CPU.Build.0 = Release|Any CPU
		{A16D5996-77FB-47A6-971C-B9FA2D3C5C02}.Debug|Any CPU.ActiveCfg = Debug|Any CPU
		{A16D5996-77FB-47A6-971C-B9FA2D3C5C02}.Debug|Any CPU.Build.0 = Debug|Any CPU
		{A16D5996-77FB-47A6-971C-B9FA2D3C5C02}.Release|Any CPU.ActiveCfg = Release|Any CPU
		{A16D5996-77FB-47A6-971C-B9FA2D3C5C02}.Release|Any CPU.Build.0 = Release|Any CPU
		{BC35E4CE-681F-431F-BEC4-313707E603D9}.Debug|Any CPU.ActiveCfg = Debug|Any CPU
		{BC35E4CE-681F-431F-BEC4-313707E603D9}.Debug|Any CPU.Build.0 = Debug|Any CPU
		{BC35E4CE-681F-431F-BEC4-313707E603D9}.Release|Any CPU.ActiveCfg = Release|Any CPU
		{BC35E4CE-681F-431F-BEC4-313707E603D9}.Release|Any CPU.Build.0 = Release|Any CPU
		{F45186A7-553D-4FD1-9CFE-7C6808747623}.Debug|Any CPU.ActiveCfg = Debug|Any CPU
		{F45186A7-553D-4FD1-9CFE-7C6808747623}.Debug|Any CPU.Build.0 = Debug|Any CPU
		{F45186A7-553D-4FD1-9CFE-7C6808747623}.Release|Any CPU.ActiveCfg = Release|Any CPU
		{F45186A7-553D-4FD1-9CFE-7C6808747623}.Release|Any CPU.Build.0 = Release|Any CPU
		{A4E41682-81B0-493B-A91D-C7812D5D6F6C}.Debug|Any CPU.ActiveCfg = Debug|Any CPU
		{A4E41682-81B0-493B-A91D-C7812D5D6F6C}.Debug|Any CPU.Build.0 = Debug|Any CPU
		{A4E41682-81B0-493B-A91D-C7812D5D6F6C}.Release|Any CPU.ActiveCfg = Release|Any CPU
		{A4E41682-81B0-493B-A91D-C7812D5D6F6C}.Release|Any CPU.Build.0 = Release|Any CPU
		{5AF67079-7BC6-4A8E-A8BE-AE71BCB63146}.Debug|Any CPU.ActiveCfg = Debug|Any CPU
		{5AF67079-7BC6-4A8E-A8BE-AE71BCB63146}.Debug|Any CPU.Build.0 = Debug|Any CPU
		{5AF67079-7BC6-4A8E-A8BE-AE71BCB63146}.Release|Any CPU.ActiveCfg = Release|Any CPU
		{5AF67079-7BC6-4A8E-A8BE-AE71BCB63146}.Release|Any CPU.Build.0 = Release|Any CPU
		{4BCAC9FD-1AFF-4D6B-86A8-09FD7229AD21}.Debug|Any CPU.ActiveCfg = Debug|Any CPU
		{4BCAC9FD-1AFF-4D6B-86A8-09FD7229AD21}.Debug|Any CPU.Build.0 = Debug|Any CPU
		{4BCAC9FD-1AFF-4D6B-86A8-09FD7229AD21}.Release|Any CPU.ActiveCfg = Release|Any CPU
		{4BCAC9FD-1AFF-4D6B-86A8-09FD7229AD21}.Release|Any CPU.Build.0 = Release|Any CPU
	EndGlobalSection
	GlobalSection(SolutionProperties) = preSolution
		HideSolutionNode = FALSE
	EndGlobalSection
	GlobalSection(NestedProjects) = preSolution
		{89E371E4-A5CD-4E42-8D2E-CFF2FEBAF869} = {02EA681E-C7D8-13C7-8484-4AC65E1B71E8}
		{1FE00956-0DCC-45C0-94A3-E1978F48D020} = {02EA681E-C7D8-13C7-8484-4AC65E1B71E8}
		{E766E206-D84D-47C9-941D-5274387AE822} = {02EA681E-C7D8-13C7-8484-4AC65E1B71E8}
		{5797C16A-3C7E-40A3-B45E-DCCC5757BD70} = {BE92C279-1C3C-4F14-BE61-00564968DF9D}
		{DB84FD00-5ED1-47A5-AA0C-E50942F14AA9} = {BE92C279-1C3C-4F14-BE61-00564968DF9D}
		{71D826F9-5D98-4324-866C-4FBAA36A550F} = {BE92C279-1C3C-4F14-BE61-00564968DF9D}
		{D4DAAB1D-ECF2-4A60-BD8D-55F75829630E} = {4425C519-0670-4C0C-9049-EF53CCAFA1AA}
		{A3EC7997-D948-4035-92B4-74D604FB2D12} = {4425C519-0670-4C0C-9049-EF53CCAFA1AA}
		{65B65729-5ACB-4E1F-B442-02B26EE7C8D7} = {4425C519-0670-4C0C-9049-EF53CCAFA1AA}
		{5DA1B802-EA04-4E08-B80D-D195C65D4655} = {46990A6F-6EA3-4435-B008-11642E09BEC5}
		{20743167-4F70-428B-AEC0-8E094A9AF2C4} = {46990A6F-6EA3-4435-B008-11642E09BEC5}
		{200BF53F-53FA-4E6D-B642-FB8A8722C71B} = {46990A6F-6EA3-4435-B008-11642E09BEC5}
		{A16D5996-77FB-47A6-971C-B9FA2D3C5C02} = {5CB07F0F-477A-463F-B843-AA2C16AD461F}
		{BC35E4CE-681F-431F-BEC4-313707E603D9} = {5CB07F0F-477A-463F-B843-AA2C16AD461F}
		{F45186A7-553D-4FD1-9CFE-7C6808747623} = {5CB07F0F-477A-463F-B843-AA2C16AD461F}
		{A4E41682-81B0-493B-A91D-C7812D5D6F6C} = {6D481B6D-ECE3-478A-9340-67EF3D5F88D1}
		{5AF67079-7BC6-4A8E-A8BE-AE71BCB63146} = {6D481B6D-ECE3-478A-9340-67EF3D5F88D1}
		{4BCAC9FD-1AFF-4D6B-86A8-09FD7229AD21} = {6D481B6D-ECE3-478A-9340-67EF3D5F88D1}
	EndGlobalSection
	GlobalSection(ExtensibilityGlobals) = postSolution
		SolutionGuid = {BD198D5A-5950-43F1-BD31-33EA93A64444}
	EndGlobalSection
EndGlobal
