
Microsoft Visual Studio Solution File, Format Version 12.00
# Visual Studio Version 17
VisualStudioVersion = 17.14.36414.22
MinimumVisualStudioVersion = 10.0.40219.1
Project("{2150E333-8FDC-42A3-9474-1A3956D46DE8}") = "Task0", "Task0", "{02EA681E-C7D8-13C7-8484-4AC65E1B71E8}"
EndProject
Project("{FAE04EC0-301F-11D3-BF4B-00C04F79EFBC}") = "Tyuiu.BukhryakovAY.Sprint2.Task0.V27.Lib", "Tyuiu.BukhryakovAY.Sprint2.Task0.V27.Lib\Tyuiu.BukhryakovAY.Sprint2.Task0.V27.Lib.csproj", "{89E371E4-A5CD-4E42-8D2E-CFF2FEBAF869}"
EndProject
Project("{FAE04EC0-301F-11D3-BF4B-00C04F79EFBC}") = "Tyuiu.BukhryakovAY.Sprint2.Task0.V27.Test", "Tyuiu.BukhryakovAY.Sprint2.Task0.V27.Test\Tyuiu.BukhryakovAY.Sprint2.Task0.V27.Test.csproj", "{1FE00956-0DCC-45C0-94A3-E1978F48D020}"
EndProject
Project("{FAE04EC0-301F-11D3-BF4B-00C04F79EFBC}") = "Tyuiu.BukhryakovAY.Sprint2.Task0.V27", "Tyuiu.BukhryakovAY.Sprint2.Task0.V27\Tyuiu.BukhryakovAY.Sprint2.Task0.V27.csproj", "{E766E206-D84D-47C9-941D-5274387AE822}"
EndProject
Project("{2150E333-8FDC-42A3-9474-1A3956D46DE8}") = "Task1", "Task1", "{BE92C279-1C3C-4F14-BE61-00564968DF9D}"
EndProject
Project("{FAE04EC0-301F-11D3-BF4B-00C04F79EFBC}") = "Tyuiu.BukhryakovAY.Sprint2.Task1.V6", "Tyuiu.BukhryakovAY.Sprint2.Task1.V6\Tyuiu.BukhryakovAY.Sprint2.Task1.V6.csproj", "{5797C16A-3C7E-40A3-B45E-DCCC5757BD70}"
EndProject
Project("{FAE04EC0-301F-11D3-BF4B-00C04F79EFBC}") = "Tyuiu.BukhryakovAY.Sprint2.Task1.V6.Lib", "Tyuiu.BukhryakovAY.Sprint2.Task1.V6.Lib\Tyuiu.BukhryakovAY.Sprint2.Task1.V6.Lib.csproj", "{DB84FD00-5ED1-47A5-AA0C-E50942F14AA9}"
EndProject
Project("{FAE04EC0-301F-11D3-BF4B-00C04F79EFBC}") = "Tyuiu.BukhryakovAY.Sprint2.Task1.V6.Test", "Tyuiu.BukhryakovAY.Sprint2.Task1.V6.Test\Tyuiu.BukhryakovAY.Sprint2.Task1.V6.Test.csproj", "{71D826F9-5D98-4324-866C-4FBAA36A550F}"
EndProject
Project("{2150E333-8FDC-42A3-9474-1A3956D46DE8}") = "Task2", "Task2", "{4425C519-0670-4C0C-9049-EF53CCAFA1AA}"
EndProject
Project("{FAE04EC0-301F-11D3-BF4B-00C04F79EFBC}") = "Tyuiu.BukhryakovAY.Sprint2.Task2.V3", "Tyuiu.BukhryakovAY.Sprint2.Task2.V3\Tyuiu.BukhryakovAY.Sprint2.Task2.V3.csproj", "{D4DAAB1D-ECF2-4A60-BD8D-55F75829630E}"
EndProject
Project("{FAE04EC0-301F-11D3-BF4B-00C04F79EFBC}") = "Tyuiu.BukhryakovAY.Sprint2.Task2.V3.Test", "Tyuiu.BukhryakovAY.Sprint2.Task2.V3.Test\Tyuiu.BukhryakovAY.Sprint2.Task2.V3.Test.csproj", "{A3EC7997-D948-4035-92B4-74D604FB2D12}"
EndProject
Project("{FAE04EC0-301F-11D3-BF4B-00C04F79EFBC}") = "Tyuiu.BukhryakovAY.Sprint2.Task2.V3.Lib", "Tyuiu.BukhryakovAY.Sprint2.Task2.V3.Lib\Tyuiu.BukhryakovAY.Sprint2.Task2.V3.Lib.csproj", "{65B65729-5ACB-4E1F-B442-02B26EE7C8D7}"
EndProject
Global
	GlobalSection(SolutionConfigurationPlatforms) = preSolution
		Debug|Any CPU = Debug|Any CPU
		Release|Any CPU = Release|Any CPU
	EndGlobalSection
	GlobalSection(ProjectConfigurationPlatforms) = postSolution
		{89E371E4-A5CD-4E42-8D2E-CFF2FEBAF869}.Debug|Any CPU.ActiveCfg = Debug|Any CPU
		{89E371E4-A5CD-4E42-8D2E-CFF2FEBAF869}.Debug|Any CPU.Build.0 = Debug|Any CPU
		{89E371E4-A5CD-4E42-8D2E-CFF2FEBAF869}.Release|Any CPU.ActiveCfg = Release|Any CPU
		{89E371E4-A5CD-4E42-8D2E-CFF2FEBAF869}.Release|Any CPU.Build.0 = Release|Any CPU
		{1FE00956-0DCC-45C0-94A3-E1978F48D020}.Debug|Any CPU.ActiveCfg = Debug|Any CPU
		{1FE00956-0DCC-45C0-94A3-E1978F48D020}.Debug|Any CPU.Build.0 = Debug|Any CPU
		{1FE00956-0DCC-45C0-94A3-E1978F48D020}.Release|Any CPU.ActiveCfg = Release|Any CPU
		{1FE00956-0DCC-45C0-94A3-E1978F48D020}.Release|Any CPU.Build.0 = Release|Any CPU
		{E766E206-D84D-47C9-941D-5274387AE822}.Debug|Any CPU.ActiveCfg = Debug|Any CPU
		{E766E206-D84D-47C9-941D-5274387AE822}.Debug|Any CPU.Build.0 = Debug|Any CPU
		{E766E206-D84D-47C9-941D-5274387AE822}.Release|Any CPU.ActiveCfg = Release|Any CPU
		{E766E206-D84D-47C9-941D-5274387AE822}.Release|Any CPU.Build.0 = Release|Any CPU
		{5797C16A-3C7E-40A3-B45E-DCCC5757BD70}.Debug|Any CPU.ActiveCfg = Debug|Any CPU
		{5797C16A-3C7E-40A3-B45E-DCCC5757BD70}.Debug|Any CPU.Build.0 = Debug|Any CPU
		{5797C16A-3C7E-40A3-B45E-DCCC5757BD70}.Release|Any CPU.ActiveCfg = Release|Any CPU
		{5797C16A-3C7E-40A3-B45E-DCCC5757BD70}.Release|Any CPU.Build.0 = Release|Any CPU
		{DB84FD00-5ED1-47A5-AA0C-E50942F14AA9}.Debug|Any CPU.ActiveCfg = Debug|Any CPU
		{DB84FD00-5ED1-47A5-AA0C-E50942F14AA9}.Debug|Any CPU.Build.0 = Debug|Any CPU
		{DB84FD00-5ED1-47A5-AA0C-E50942F14AA9}.Release|Any CPU.ActiveCfg = Release|Any CPU
		{DB84FD00-5ED1-47A5-AA0C-E50942F14AA9}.Release|Any CPU.Build.0 = Release|Any CPU
		{71D826F9-5D98-4324-866C-4FBAA36A550F}.Debug|Any CPU.ActiveCfg = Debug|Any CPU
		{71D826F9-5D98-4324-866C-4FBAA36A550F}.Debug|Any CPU.Build.0 = Debug|Any CPU
		{71D826F9-5D98-4324-866C-4FBAA36A550F}.Release|Any CPU.ActiveCfg = Release|Any CPU
		{71D826F9-5D98-4324-866C-4FBAA36A550F}.Release|Any CPU.Build.0 = Release|Any CPU
		{D4DAAB1D-ECF2-4A60-BD8D-55F75829630E}.Debug|Any CPU.ActiveCfg = Debug|Any CPU
		{D4DAAB1D-ECF2-4A60-BD8D-55F75829630E}.Debug|Any CPU.Build.0 = Debug|Any CPU
		{D4DAAB1D-ECF2-4A60-BD8D-55F75829630E}.Release|Any CPU.ActiveCfg = Release|Any CPU
		{D4DAAB1D-ECF2-4A60-BD8D-55F75829630E}.Release|Any CPU.Build.0 = Release|Any CPU
		{A3EC7997-D948-4035-92B4-74D604FB2D12}.Debug|Any CPU.ActiveCfg = Debug|Any CPU
		{A3EC7997-D948-4035-92B4-74D604FB2D12}.Debug|Any CPU.Build.0 = Debug|Any CPU
		{A3EC7997-D948-4035-92B4-74D604FB2D12}.Release|Any CPU.ActiveCfg = Release|Any CPU
		{A3EC7997-D948-4035-92B4-74D604FB2D12}.Release|Any CPU.Build.0 = Release|Any CPU
		{65B65729-5ACB-4E1F-B442-02B26EE7C8D7}.Debug|Any CPU.ActiveCfg = Debug|Any CPU
		{65B65729-5ACB-4E1F-B442-02B26EE7C8D7}.Debug|Any CPU.Build.0 = Debug|Any CPU
		{65B65729-5ACB-4E1F-B442-02B26EE7C8D7}.Release|Any CPU.ActiveCfg = Release|Any CPU
		{65B65729-5ACB-4E1F-B442-02B26EE7C8D7}.Release|Any CPU.Build.0 = Release|Any CPU
	EndGlobalSection
	GlobalSection(SolutionProperties) = preSolution
		HideSolutionNode = FALSE
	EndGlobalSection
	GlobalSection(NestedProjects) = preSolution
		{89E371E4-A5CD-4E42-8D2E-CFF2FEBAF869} = {02EA681E-C7D8-13C7-8484-4AC65E1B71E8}
		{1FE00956-0DCC-45C0-94A3-E1978F48D020} = {02EA681E-C7D8-13C7-8484-4AC65E1B71E8}
		{E766E206-D84D-47C9-941D-5274387AE822} = {02EA681E-C7D8-13C7-8484-4AC65E1B71E8}
		{5797C16A-3C7E-40A3-B45E-DCCC5757BD70} = {BE92C279-1C3C-4F14-BE61-00564968DF9D}
		{DB84FD00-5ED1-47A5-AA0C-E50942F14AA9} = {BE92C279-1C3C-4F14-BE61-00564968DF9D}
		{71D826F9-5D98-4324-866C-4FBAA36A550F} = {BE92C279-1C3C-4F14-BE61-00564968DF9D}
		{D4DAAB1D-ECF2-4A60-BD8D-55F75829630E} = {4425C519-0670-4C0C-9049-EF53CCAFA1AA}
		{A3EC7997-D948-4035-92B4-74D604FB2D12} = {4425C519-0670-4C0C-9049-EF53CCAFA1AA}
		{65B65729-5ACB-4E1F-B442-02B26EE7C8D7} = {4425C519-0670-4C0C-9049-EF53CCAFA1AA}
	EndGlobalSection
	GlobalSection(ExtensibilityGlobals) = postSolution
		SolutionGuid = {BD198D5A-5950-43F1-BD31-33EA93A64444}
	EndGlobalSection
EndGlobal
